
Microsoft Visual Studio Solution File, Format Version 12.00
# Visual Studio 15
VisualStudioVersion = 15.0.27130.2036
MinimumVisualStudioVersion = 10.0.40219.1
Project("{FAE04EC0-301F-11D3-BF4B-00C04F79EFBC}") = "EduMS", "EduMS\EduMS.csproj", "{B11BAC90-ECC6-4013-AA9D-7070E8C6C095}"
EndProject
Global
	GlobalSection(SolutionConfigurationPlatforms) = preSolution
		Debug|Any CPU = Debug|Any CPU
		Release|Any CPU = Release|Any CPU
	EndGlobalSection
	GlobalSection(ProjectConfigurationPlatforms) = postSolution
		{B11BAC90-ECC6-4013-AA9D-7070E8C6C095}.Debug|Any CPU.ActiveCfg = Debug|Any CPU
		{B11BAC90-ECC6-4013-AA9D-7070E8C6C095}.Debug|Any CPU.Build.0 = Debug|Any CPU
		{B11BAC90-ECC6-4013-AA9D-7070E8C6C095}.Release|Any CPU.ActiveCfg = Release|Any CPU
		{B11BAC90-ECC6-4013-AA9D-7070E8C6C095}.Release|Any CPU.Build.0 = Release|Any CPU
	EndGlobalSection
	GlobalSection(SolutionProperties) = preSolution
		HideSolutionNode = FALSE
	EndGlobalSection
	GlobalSection(ExtensibilityGlobals) = postSolution
		SolutionGuid = {18FABFB9-45F2-4999-8187-712E528A0AC7}
	EndGlobalSection
EndGlobal
