
Microsoft Visual Studio Solution File, Format Version 12.00
# Visual Studio 15
VisualStudioVersion = 15.0.27130.2036
MinimumVisualStudioVersion = 10.0.40219.1
Project("{FAE04EC0-301F-11D3-BF4B-00C04F79EFBC}") = "ServicesMS", "ServicesMS\ServicesMS.csproj", "{615974CD-16EE-4380-AC05-7707204AFACF}"
EndProject
Global
	GlobalSection(SolutionConfigurationPlatforms) = preSolution
		Debug|Any CPU = Debug|Any CPU
		Release|Any CPU = Release|Any CPU
	EndGlobalSection
	GlobalSection(ProjectConfigurationPlatforms) = postSolution
		{615974CD-16EE-4380-AC05-7707204AFACF}.Debug|Any CPU.ActiveCfg = Debug|Any CPU
		{615974CD-16EE-4380-AC05-7707204AFACF}.Debug|Any CPU.Build.0 = Debug|Any CPU
		{615974CD-16EE-4380-AC05-7707204AFACF}.Release|Any CPU.ActiveCfg = Release|Any CPU
		{615974CD-16EE-4380-AC05-7707204AFACF}.Release|Any CPU.Build.0 = Release|Any CPU
	EndGlobalSection
	GlobalSection(SolutionProperties) = preSolution
		HideSolutionNode = FALSE
	EndGlobalSection
	GlobalSection(ExtensibilityGlobals) = postSolution
		SolutionGuid = {1AA40B8D-1DE4-48F8-9CCC-A5C2C369851E}
	EndGlobalSection
EndGlobal
